
Microsoft Visual Studio Solution File, Format Version 12.00
# Visual Studio Version 16
VisualStudioVersion = 16.0.30804.86
MinimumVisualStudioVersion = 10.0.40219.1
Project("{FAE04EC0-301F-11D3-BF4B-00C04F79EFBC}") = "ParkingManagement", "ParkingManagement\ParkingManagement.csproj", "{6FF69E3C-7D3E-4052-85BA-052A5F08BDCF}"
EndProject
Global
	GlobalSection(SolutionConfigurationPlatforms) = preSolution
		Debug|Any CPU = Debug|Any CPU
		Release|Any CPU = Release|Any CPU
	EndGlobalSection
	GlobalSection(ProjectConfigurationPlatforms) = postSolution
		{6FF69E3C-7D3E-4052-85BA-052A5F08BDCF}.Debug|Any CPU.ActiveCfg = Debug|Any CPU
		{6FF69E3C-7D3E-4052-85BA-052A5F08BDCF}.Debug|Any CPU.Build.0 = Debug|Any CPU
		{6FF69E3C-7D3E-4052-85BA-052A5F08BDCF}.Release|Any CPU.ActiveCfg = Release|Any CPU
		{6FF69E3C-7D3E-4052-85BA-052A5F08BDCF}.Release|Any CPU.Build.0 = Release|Any CPU
	EndGlobalSection
	GlobalSection(SolutionProperties) = preSolution
		HideSolutionNode = FALSE
	EndGlobalSection
	GlobalSection(ExtensibilityGlobals) = postSolution
		SolutionGuid = {8EEE2A66-99F5-482B-BFFC-B13FE47E72DF}
	EndGlobalSection
EndGlobal
